// !$*UTF8*$!
{
	archiveVersion = 1;
	classes = {
	};
	objectVersion = 50;
	objects = {

/* Begin PBXBuildFile section */
		FCCC9CD2269FC0C60061FBD6 /* AppDelegate.swift in Sources */ = {isa = PBXBuildFile; fileRef = FCCC9CD1269FC0C60061FBD6 /* AppDelegate.swift */; };
		FCCC9CD4269FC0C60061FBD6 /* SceneDelegate.swift in Sources */ = {isa = PBXBuildFile; fileRef = FCCC9CD3269FC0C60061FBD6 /* SceneDelegate.swift */; };
		FCCC9CD6269FC0C60061FBD6 /* ViewController.swift in Sources */ = {isa = PBXBuildFile; fileRef = FCCC9CD5269FC0C60061FBD6 /* ViewController.swift */; };
		FCCC9CDB269FC0C70061FBD6 /* Assets.xcassets in Resources */ = {isa = PBXBuildFile; fileRef = FCCC9CDA269FC0C70061FBD6 /* Assets.xcassets */; };
		FCCC9CDE269FC0C70061FBD6 /* LaunchScreen.storyboard in Resources */ = {isa = PBXBuildFile; fileRef = FCCC9CDC269FC0C70061FBD6 /* LaunchScreen.storyboard */; };
/* End PBXBuildFile section */

/* Begin PBXFileReference section */
		FCCC9CCE269FC0C60061FBD6 /* CryptoExplorer.app */ = {isa = PBXFileReference; explicitFileType = wrapper.application; includeInIndex = 0; path = CryptoExplorer.app; sourceTree = BUILT_PRODUCTS_DIR; };
		FCCC9CD1269FC0C60061FBD6 /* AppDelegate.swift */ = {isa = PBXFileReference; lastKnownFileType = sourcecode.swift; path = AppDelegate.swift; sourceTree = "<group>"; };
		FCCC9CD3269FC0C60061FBD6 /* SceneDelegate.swift */ = {isa = PBXFileReference; lastKnownFileType = sourcecode.swift; path = SceneDelegate.swift; sourceTree = "<group>"; };
		FCCC9CD5269FC0C60061FBD6 /* ViewController.swift */ = {isa = PBXFileReference; lastKnownFileType = sourcecode.swift; path = ViewController.swift; sourceTree = "<group>"; };
		FCCC9CDA269FC0C70061FBD6 /* Assets.xcassets */ = {isa = PBXFileReference; lastKnownFileType = folder.assetcatalog; path = Assets.xcassets; sourceTree = "<group>"; };
		FCCC9CDD269FC0C70061FBD6 /* Base */ = {isa = PBXFileReference; lastKnownFileType = file.storyboard; name = Base; path = Base.lproj/LaunchScreen.storyboard; sourceTree = "<group>"; };
		FCCC9CDF269FC0C70061FBD6 /* Info.plist */ = {isa = PBXFileReference; lastKnownFileType = text.plist.xml; path = Info.plist; sourceTree = "<group>"; };
/* End PBXFileReference section */

/* Begin PBXFrameworksBuildPhase section */
		FCCC9CCB269FC0C60061FBD6 /* Frameworks */ = {
			isa = PBXFrameworksBuildPhase;
			buildActionMask = 2147483647;
			files = (
			);
			runOnlyForDeploymentPostprocessing = 0;
		};
/* End PBXFrameworksBuildPhase section */

/* Begin PBXGroup section */
		FCCC9CC5269FC0C60061FBD6 = {
			isa = PBXGroup;
			children = (
				FCCC9CD0269FC0C60061FBD6 /* CryptoExplorer */,
				FCCC9CCF269FC0C60061FBD6 /* Products */,
			);
			sourceTree = "<group>";
		};
		FCCC9CCF269FC0C60061FBD6 /* Products */ = {
			isa = PBXGroup;
			children = (
				FCCC9CCE269FC0C60061FBD6 /* CryptoExplorer.app */,
			);
			name = Products;
			sourceTree = "<group>";
		};
		FCCC9CD0269FC0C60061FBD6 /* CryptoExplorer */ = {
			isa = PBXGroup;
			children = (
				FCCC9CE5269FC18A0061FBD6 /* Application */,
				FCCC9CE6269FC1A40061FBD6 /* Resources */,
				FCCC9CE7269FC1B20061FBD6 /* Support */,
				FCCC9CE8269FC1F40061FBD6 /* ViewControllers */,
			);
			path = CryptoExplorer;
			sourceTree = "<group>";
		};
		FCCC9CE5269FC18A0061FBD6 /* Application */ = {
			isa = PBXGroup;
			children = (
				FCCC9CD1269FC0C60061FBD6 /* AppDelegate.swift */,
				FCCC9CD3269FC0C60061FBD6 /* SceneDelegate.swift */,
			);
			path = Application;
			sourceTree = "<group>";
		};
		FCCC9CE6269FC1A40061FBD6 /* Resources */ = {
			isa = PBXGroup;
			children = (
				FCCC9CDA269FC0C70061FBD6 /* Assets.xcassets */,
			);
			path = Resources;
			sourceTree = "<group>";
		};
		FCCC9CE7269FC1B20061FBD6 /* Support */ = {
			isa = PBXGroup;
			children = (
				FCCC9CDC269FC0C70061FBD6 /* LaunchScreen.storyboard */,
				FCCC9CDF269FC0C70061FBD6 /* Info.plist */,
			);
			path = Support;
			sourceTree = "<group>";
		};
		FCCC9CE8269FC1F40061FBD6 /* ViewControllers */ = {
			isa = PBXGroup;
			children = (
				FCCC9CD5269FC0C60061FBD6 /* ViewController.swift */,
			);
			path = ViewControllers;
			sourceTree = "<group>";
		};
/* End PBXGroup section */

/* Begin PBXNativeTarget section */
		FCCC9CCD269FC0C60061FBD6 /* CryptoExplorer */ = {
			isa = PBXNativeTarget;
			buildConfigurationList = FCCC9CE2269FC0C70061FBD6 /* Build configuration list for PBXNativeTarget "CryptoExplorer" */;
			buildPhases = (
				FCCC9CCA269FC0C60061FBD6 /* Sources */,
				FCCC9CCB269FC0C60061FBD6 /* Frameworks */,
				FCCC9CCC269FC0C60061FBD6 /* Resources */,
			);
			buildRules = (
			);
			dependencies = (
			);
			name = CryptoExplorer;
			productName = CryptoExplorer;
			productReference = FCCC9CCE269FC0C60061FBD6 /* CryptoExplorer.app */;
			productType = "com.apple.product-type.application";
		};
/* End PBXNativeTarget section */

/* Begin PBXProject section */
		FCCC9CC6269FC0C60061FBD6 /* Project object */ = {
			isa = PBXProject;
			attributes = {
				LastSwiftUpdateCheck = 1250;
				LastUpgradeCheck = 1250;
				TargetAttributes = {
					FCCC9CCD269FC0C60061FBD6 = {
						CreatedOnToolsVersion = 12.5.1;
					};
				};
			};
			buildConfigurationList = FCCC9CC9269FC0C60061FBD6 /* Build configuration list for PBXProject "CryptoExplorer" */;
			compatibilityVersion = "Xcode 9.3";
			developmentRegion = en;
			hasScannedForEncodings = 0;
			knownRegions = (
				en,
				Base,
			);
			mainGroup = FCCC9CC5269FC0C60061FBD6;
			productRefGroup = FCCC9CCF269FC0C60061FBD6 /* Products */;
			projectDirPath = "";
			projectRoot = "";
			targets = (
				FCCC9CCD269FC0C60061FBD6 /* CryptoExplorer */,
			);
		};
/* End PBXProject section */

/* Begin PBXResourcesBuildPhase section */
		FCCC9CCC269FC0C60061FBD6 /* Resources */ = {
			isa = PBXResourcesBuildPhase;
			buildActionMask = 2147483647;
			files = (
				FCCC9CDE269FC0C70061FBD6 /* LaunchScreen.storyboard in Resources */,
				FCCC9CDB269FC0C70061FBD6 /* Assets.xcassets in Resources */,
			);
			runOnlyForDeploymentPostprocessing = 0;
		};
/* End PBXResourcesBuildPhase section */

/* Begin PBXSourcesBuildPhase section */
		FCCC9CCA269FC0C60061FBD6 /* Sources */ = {
			isa = PBXSourcesBuildPhase;
			buildActionMask = 2147483647;
			files = (
				FCCC9CD6269FC0C60061FBD6 /* ViewController.swift in Sources */,
				FCCC9CD2269FC0C60061FBD6 /* AppDelegate.swift in Sources */,
				FCCC9CD4269FC0C60061FBD6 /* SceneDelegate.swift in Sources */,
			);
			runOnlyForDeploymentPostprocessing = 0;
		};
/* End PBXSourcesBuildPhase section */

/* Begin PBXVariantGroup section */
		FCCC9CDC269FC0C70061FBD6 /* LaunchScreen.storyboard */ = {
			isa = PBXVariantGroup;
			children = (
				FCCC9CDD269FC0C70061FBD6 /* Base */,
			);
			name = LaunchScreen.storyboard;
			sourceTree = "<group>";
		};
/* End PBXVariantGroup section */

/* Begin XCBuildConfiguration section */
		FCCC9CE0269FC0C70061FBD6 /* Debug */ = {
			isa = XCBuildConfiguration;
			buildSettings = {
				ALWAYS_SEARCH_USER_PATHS = NO;
				CLANG_ANALYZER_NONNULL = YES;
				CLANG_ANALYZER_NUMBER_OBJECT_CONVERSION = YES_AGGRESSIVE;
				CLANG_CXX_LANGUAGE_STANDARD = "gnu++14";
				CLANG_CXX_LIBRARY = "libc++";
				CLANG_ENABLE_MODULES = YES;
				CLANG_ENABLE_OBJC_ARC = YES;
				CLANG_ENABLE_OBJC_WEAK = YES;
				CLANG_WARN_BLOCK_CAPTURE_AUTORELEASING = YES;
				CLANG_WARN_BOOL_CONVERSION = YES;
				CLANG_WARN_COMMA = YES;
				CLANG_WARN_CONSTANT_CONVERSION = YES;
				CLANG_WARN_DEPRECATED_OBJC_IMPLEMENTATIONS = YES;
				CLANG_WARN_DIRECT_OBJC_ISA_USAGE = YES_ERROR;
				CLANG_WARN_DOCUMENTATION_COMMENTS = YES;
				CLANG_WARN_EMPTY_BODY = YES;
				CLANG_WARN_ENUM_CONVERSION = YES;
				CLANG_WARN_INFINITE_RECURSION = YES;
				CLANG_WARN_INT_CONVERSION = YES;
				CLANG_WARN_NON_LITERAL_NULL_CONVERSION = YES;
				CLANG_WARN_OBJC_IMPLICIT_RETAIN_SELF = YES;
				CLANG_WARN_OBJC_LITERAL_CONVERSION = YES;
				CLANG_WARN_OBJC_ROOT_CLASS = YES_ERROR;
				CLANG_WARN_QUOTED_INCLUDE_IN_FRAMEWORK_HEADER = YES;
				CLANG_WARN_RANGE_LOOP_ANALYSIS = YES;
				CLANG_WARN_STRICT_PROTOTYPES = YES;
				CLANG_WARN_SUSPICIOUS_MOVE = YES;
				CLANG_WARN_UNGUARDED_AVAILABILITY = YES_AGGRESSIVE;
				CLANG_WARN_UNREACHABLE_CODE = YES;
				CLANG_WARN__DUPLICATE_METHOD_MATCH = YES;
				COPY_PHASE_STRIP = NO;
				DEBUG_INFORMATION_FORMAT = dwarf;
				ENABLE_STRICT_OBJC_MSGSEND = YES;
				ENABLE_TESTABILITY = YES;
				GCC_C_LANGUAGE_STANDARD = gnu11;
				GCC_DYNAMIC_NO_PIC = NO;
				GCC_NO_COMMON_BLOCKS = YES;
				GCC_OPTIMIZATION_LEVEL = 0;
				GCC_PREPROCESSOR_DEFINITIONS = (
					"DEBUG=1",
					"$(inherited)",
				);
				GCC_WARN_64_TO_32_BIT_CONVERSION = YES;
				GCC_WARN_ABOUT_RETURN_TYPE = YES_ERROR;
				GCC_WARN_UNDECLARED_SELECTOR = YES;
				GCC_WARN_UNINITIALIZED_AUTOS = YES_AGGRESSIVE;
				GCC_WARN_UNUSED_FUNCTION = YES;
				GCC_WARN_UNUSED_VARIABLE = YES;
				IPHONEOS_DEPLOYMENT_TARGET = 14.5;
				MTL_ENABLE_DEBUG_INFO = INCLUDE_SOURCE;
				MTL_FAST_MATH = YES;
				ONLY_ACTIVE_ARCH = YES;
				SDKROOT = iphoneos;
				SWIFT_ACTIVE_COMPILATION_CONDITIONS = DEBUG;
				SWIFT_OPTIMIZATION_LEVEL = "-Onone";
			};
			name = Debug;
		};
		FCCC9CE1269FC0C70061FBD6 /* Release */ = {
			isa = XCBuildConfiguration;
			buildSettings = {
				ALWAYS_SEARCH_USER_PATHS = NO;
				CLANG_ANALYZER_NONNULL = YES;
				CLANG_ANALYZER_NUMBER_OBJECT_CONVERSION = YES_AGGRESSIVE;
				CLANG_CXX_LANGUAGE_STANDARD = "gnu++14";
				CLANG_CXX_LIBRARY = "libc++";
				CLANG_ENABLE_MODULES = YES;
				CLANG_ENABLE_OBJC_ARC = YES;
				CLANG_ENABLE_OBJC_WEAK = YES;
				CLANG_WARN_BLOCK_CAPTURE_AUTORELEASING = YES;
				CLANG_WARN_BOOL_CONVERSION = YES;
				CLANG_WARN_COMMA = YES;
				CLANG_WARN_CONSTANT_CONVERSION = YES;
				CLANG_WARN_DEPRECATED_OBJC_IMPLEMENTATIONS = YES;
				CLANG_WARN_DIRECT_OBJC_ISA_USAGE = YES_ERROR;
				CLANG_WARN_DOCUMENTATION_COMMENTS = YES;
				CLANG_WARN_EMPTY_BODY = YES;
				CLANG_WARN_ENUM_CONVERSION = YES;
				CLANG_WARN_INFINITE_RECURSION = YES;
				CLANG_WARN_INT_CONVERSION = YES;
				CLANG_WARN_NON_LITERAL_NULL_CONVERSION = YES;
				CLANG_WARN_OBJC_IMPLICIT_RETAIN_SELF = YES;
				CLANG_WARN_OBJC_LITERAL_CONVERSION = YES;
				CLANG_WARN_OBJC_ROOT_CLASS = YES_ERROR;
				CLANG_WARN_QUOTED_INCLUDE_IN_FRAMEWORK_HEADER = YES;
				CLANG_WARN_RANGE_LOOP_ANALYSIS = YES;
				CLANG_WARN_STRICT_PROTOTYPES = YES;
				CLANG_WARN_SUSPICIOUS_MOVE = YES;
				CLANG_WARN_UNGUARDED_AVAILABILITY = YES_AGGRESSIVE;
				CLANG_WARN_UNREACHABLE_CODE = YES;
				CLANG_WARN__DUPLICATE_METHOD_MATCH = YES;
				COPY_PHASE_STRIP = NO;
				DEBUG_INFORMATION_FORMAT = "dwarf-with-dsym";
				ENABLE_NS_ASSERTIONS = NO;
				ENABLE_STRICT_OBJC_MSGSEND = YES;
				GCC_C_LANGUAGE_STANDARD = gnu11;
				GCC_NO_COMMON_BLOCKS = YES;
				GCC_WARN_64_TO_32_BIT_CONVERSION = YES;
				GCC_WARN_ABOUT_RETURN_TYPE = YES_ERROR;
				GCC_WARN_UNDECLARED_SELECTOR = YES;
				GCC_WARN_UNINITIALIZED_AUTOS = YES_AGGRESSIVE;
				GCC_WARN_UNUSED_FUNCTION = YES;
				GCC_WARN_UNUSED_VARIABLE = YES;
				IPHONEOS_DEPLOYMENT_TARGET = 14.5;
				MTL_ENABLE_DEBUG_INFO = NO;
				MTL_FAST_MATH = YES;
				SDKROOT = iphoneos;
				SWIFT_COMPILATION_MODE = wholemodule;
				SWIFT_OPTIMIZATION_LEVEL = "-O";
				VALIDATE_PRODUCT = YES;
			};
			name = Release;
		};
		FCCC9CE3269FC0C70061FBD6 /* Debug */ = {
			isa = XCBuildConfiguration;
			buildSettings = {
				ASSETCATALOG_COMPILER_APPICON_NAME = AppIcon;
				ASSETCATALOG_COMPILER_GLOBAL_ACCENT_COLOR_NAME = AccentColor;
				CODE_SIGN_STYLE = Automatic;
				DEVELOPMENT_TEAM = P8V9Q4Q5LW;
				INFOPLIST_FILE = CryptoExplorer/Support/Info.plist;
				LD_RUNPATH_SEARCH_PATHS = (
					"$(inherited)",
					"@executable_path/Frameworks",
				);
				PRODUCT_BUNDLE_IDENTIFIER = dev.jongentry.CryptoExplorer;
				PRODUCT_NAME = "$(TARGET_NAME)";
				SWIFT_VERSION = 5.0;
				TARGETED_DEVICE_FAMILY = "1,2";
			};
			name = Debug;
		};
		FCCC9CE4269FC0C70061FBD6 /* Release */ = {
			isa = XCBuildConfiguration;
			buildSettings = {
				ASSETCATALOG_COMPILER_APPICON_NAME = AppIcon;
				ASSETCATALOG_COMPILER_GLOBAL_ACCENT_COLOR_NAME = AccentColor;
				CODE_SIGN_STYLE = Automatic;
				DEVELOPMENT_TEAM = P8V9Q4Q5LW;
				INFOPLIST_FILE = CryptoExplorer/Support/Info.plist;
				LD_RUNPATH_SEARCH_PATHS = (
					"$(inherited)",
					"@executable_path/Frameworks",
				);
				PRODUCT_BUNDLE_IDENTIFIER = dev.jongentry.CryptoExplorer;
				PRODUCT_NAME = "$(TARGET_NAME)";
				SWIFT_VERSION = 5.0;
				TARGETED_DEVICE_FAMILY = "1,2";
			};
			name = Release;
		};
/* End XCBuildConfiguration section */

/* Begin XCConfigurationList section */
		FCCC9CC9269FC0C60061FBD6 /* Build configuration list for PBXProject "CryptoExplorer" */ = {
			isa = XCConfigurationList;
			buildConfigurations = (
				FCCC9CE0269FC0C70061FBD6 /* Debug */,
				FCCC9CE1269FC0C70061FBD6 /* Release */,
			);
			defaultConfigurationIsVisible = 0;
			defaultConfigurationName = Release;
		};
		FCCC9CE2269FC0C70061FBD6 /* Build configuration list for PBXNativeTarget "CryptoExplorer" */ = {
			isa = XCConfigurationList;
			buildConfigurations = (
				FCCC9CE3269FC0C70061FBD6 /* Debug */,
				FCCC9CE4269FC0C70061FBD6 /* Release */,
			);
			defaultConfigurationIsVisible = 0;
			defaultConfigurationName = Release;
		};
/* End XCConfigurationList section */
	};
	rootObject = FCCC9CC6269FC0C60061FBD6 /* Project object */;
}
